
Microsoft Visual Studio Solution File, Format Version 12.00
# Visual Studio Version 16
VisualStudioVersion = 16.0.30114.105
MinimumVisualStudioVersion = 10.0.40219.1
Project("{9A19103F-16F7-4668-BE54-9A1E7A4F7556}") = "LSWebApiDapperMySql", "LSWebApiDapperMySql\LSWebApiDapperMySql.csproj", "{5FFBAA11-0180-46E6-B196-E40BC849B305}"
EndProject
Project("{E53339B2-1760-4266-BCC7-CA923CBCF16C}") = "docker-compose", "docker-compose.dcproj", "{5D2E8FAF-AAA9-4275-8650-1019BE9F8902}"
EndProject
Global
	GlobalSection(SolutionConfigurationPlatforms) = preSolution
		Debug|Any CPU = Debug|Any CPU
		Release|Any CPU = Release|Any CPU
	EndGlobalSection
	GlobalSection(ProjectConfigurationPlatforms) = postSolution
		{5FFBAA11-0180-46E6-B196-E40BC849B305}.Debug|Any CPU.ActiveCfg = Debug|Any CPU
		{5FFBAA11-0180-46E6-B196-E40BC849B305}.Debug|Any CPU.Build.0 = Debug|Any CPU
		{5FFBAA11-0180-46E6-B196-E40BC849B305}.Release|Any CPU.ActiveCfg = Release|Any CPU
		{5FFBAA11-0180-46E6-B196-E40BC849B305}.Release|Any CPU.Build.0 = Release|Any CPU
		{5D2E8FAF-AAA9-4275-8650-1019BE9F8902}.Debug|Any CPU.ActiveCfg = Debug|Any CPU
		{5D2E8FAF-AAA9-4275-8650-1019BE9F8902}.Debug|Any CPU.Build.0 = Debug|Any CPU
		{5D2E8FAF-AAA9-4275-8650-1019BE9F8902}.Release|Any CPU.ActiveCfg = Release|Any CPU
		{5D2E8FAF-AAA9-4275-8650-1019BE9F8902}.Release|Any CPU.Build.0 = Release|Any CPU
	EndGlobalSection
	GlobalSection(SolutionProperties) = preSolution
		HideSolutionNode = FALSE
	EndGlobalSection
	GlobalSection(ExtensibilityGlobals) = postSolution
		SolutionGuid = {9A9605EF-DEC3-40E4-9910-67360A361391}
	EndGlobalSection
EndGlobal
